
Microsoft Visual Studio Solution File, Format Version 12.00
# Visual Studio Version 16
VisualStudioVersion = 16.0.31229.75
MinimumVisualStudioVersion = 10.0.40219.1
Project("{FAE04EC0-301F-11D3-BF4B-00C04F79EFBC}") = "EAT", "EAT.csproj", "{0CA72BC1-047A-4950-BB42-0A4E6C498832}"
EndProject
Global
	GlobalSection(SolutionConfigurationPlatforms) = preSolution
		Debug|Any CPU = Debug|Any CPU
		Release|Any CPU = Release|Any CPU
	EndGlobalSection
	GlobalSection(ProjectConfigurationPlatforms) = postSolution
		{0CA72BC1-047A-4950-BB42-0A4E6C498832}.Debug|Any CPU.ActiveCfg = Debug|Any CPU
		{0CA72BC1-047A-4950-BB42-0A4E6C498832}.Debug|Any CPU.Build.0 = Debug|Any CPU
		{0CA72BC1-047A-4950-BB42-0A4E6C498832}.Release|Any CPU.ActiveCfg = Release|Any CPU
		{0CA72BC1-047A-4950-BB42-0A4E6C498832}.Release|Any CPU.Build.0 = Release|Any CPU
	EndGlobalSection
	GlobalSection(SolutionProperties) = preSolution
		HideSolutionNode = FALSE
	EndGlobalSection
	GlobalSection(ExtensibilityGlobals) = postSolution
		SolutionGuid = {C48F4255-4BCB-499F-B2EF-1A7120FE2375}
	EndGlobalSection
EndGlobal
